
Microsoft Visual Studio Solution File, Format Version 12.00
# Visual Studio Version 16
VisualStudioVersion = 16.0.30011.22
MinimumVisualStudioVersion = 10.0.40219.1
Project("{9A19103F-16F7-4668-BE54-9A1E7A4F7556}") = "VisitorStatistics", "VisitorStatistics.csproj", "{FEA15CAA-7B6F-4E63-8432-3739F86B1AD5}"
EndProject
Global
	GlobalSection(SolutionConfigurationPlatforms) = preSolution
		Debug|Any CPU = Debug|Any CPU
		Release|Any CPU = Release|Any CPU
	EndGlobalSection
	GlobalSection(ProjectConfigurationPlatforms) = postSolution
		{FEA15CAA-7B6F-4E63-8432-3739F86B1AD5}.Debug|Any CPU.ActiveCfg = Debug|Any CPU
		{FEA15CAA-7B6F-4E63-8432-3739F86B1AD5}.Debug|Any CPU.Build.0 = Debug|Any CPU
		{FEA15CAA-7B6F-4E63-8432-3739F86B1AD5}.Release|Any CPU.ActiveCfg = Release|Any CPU
		{FEA15CAA-7B6F-4E63-8432-3739F86B1AD5}.Release|Any CPU.Build.0 = Release|Any CPU
	EndGlobalSection
	GlobalSection(SolutionProperties) = preSolution
		HideSolutionNode = FALSE
	EndGlobalSection
	GlobalSection(ExtensibilityGlobals) = postSolution
		SolutionGuid = {A00F25FB-2666-43E2-A7B2-BA6E00470723}
	EndGlobalSection
EndGlobal
